Microsoft Visual Studio Solution File, Format Version 11.00
# Visual Studio 2008

Project("{F7E6C20B-43B7-6972-B0CC-3BC66D03E0E8}") = "SpaceBourne", "Assembly-CSharp.csproj", "{09CDEA4F-AACD-F734-7039-FB1704E577BB}"
EndProject
Global
	GlobalSection(SolutionConfigurationPlatforms) = preSolution
		Debug|Any CPU = Debug|Any CPU
		Release|Any CPU = Release|Any CPU
	EndGlobalSection
	GlobalSection(ProjectConfigurationPlatforms) = postSolution
		{09CDEA4F-AACD-F734-7039-FB1704E577BB}.Debug|Any CPU.ActiveCfg = Debug|Any CPU
		{09CDEA4F-AACD-F734-7039-FB1704E577BB}.Debug|Any CPU.Build.0 = Debug|Any CPU
		{09CDEA4F-AACD-F734-7039-FB1704E577BB}.Release|Any CPU.ActiveCfg = Release|Any CPU
		{09CDEA4F-AACD-F734-7039-FB1704E577BB}.Release|Any CPU.Build.0 = Release|Any CPU
	EndGlobalSection
	GlobalSection(SolutionProperties) = preSolution
		HideSolutionNode = FALSE
	EndGlobalSection
	GlobalSection(MonoDevelopProperties) = preSolution
		StartupItem = Assembly-CSharp.csproj
	EndGlobalSection
EndGlobal
